// !$*UTF8*$!
{
	archiveVersion = 1;
	classes = {
	};
	objectVersion = 50;
	objects = {

/* Begin PBXBuildFile section */
		CAA062CA2090EFF500C31077 /* AppDelegate.swift in Sources */ = {isa = PBXBuildFile; fileRef = CAA062C92090EFF500C31077 /* AppDelegate.swift */; };
		CAA062CC2090EFF500C31077 /* RootViewController.swift in Sources */ = {isa = PBXBuildFile; fileRef = CAA062CB2090EFF500C31077 /* RootViewController.swift */; };
		CAA062CE2090EFF500C31077 /* DataViewController.swift in Sources */ = {isa = PBXBuildFile; fileRef = CAA062CD2090EFF500C31077 /* DataViewController.swift */; };
		CAA062D02090EFF500C31077 /* ModelController.swift in Sources */ = {isa = PBXBuildFile; fileRef = CAA062CF2090EFF500C31077 /* ModelController.swift */; };
		CAA062D32090EFF500C31077 /* Main.storyboard in Resources */ = {isa = PBXBuildFile; fileRef = CAA062D12090EFF500C31077 /* Main.storyboard */; };
		CAA062D52090EFF600C31077 /* Assets.xcassets in Resources */ = {isa = PBXBuildFile; fileRef = CAA062D42090EFF600C31077 /* Assets.xcassets */; };
		CAA062D82090EFF600C31077 /* LaunchScreen.storyboard in Resources */ = {isa = PBXBuildFile; fileRef = CAA062D62090EFF600C31077 /* LaunchScreen.storyboard */; };
		CAA062E32090EFF600C31077 /* weatherAppSwiftTests.swift in Sources */ = {isa = PBXBuildFile; fileRef = CAA062E22090EFF600C31077 /* weatherAppSwiftTests.swift */; };
/* End PBXBuildFile section */

/* Begin PBXContainerItemProxy section */
		CAA062DF2090EFF600C31077 /* PBXContainerItemProxy */ = {
			isa = PBXContainerItemProxy;
			containerPortal = CAA062BE2090EFF500C31077 /* Project object */;
			proxyType = 1;
			remoteGlobalIDString = CAA062C52090EFF500C31077;
			remoteInfo = weatherAppSwift;
		};
/* End PBXContainerItemProxy section */

/* Begin PBXFileReference section */
		CAA062C62090EFF500C31077 /* weatherAppSwift.app */ = {isa = PBXFileReference; explicitFileType = wrapper.application; includeInIndex = 0; path = weatherAppSwift.app; sourceTree = BUILT_PRODUCTS_DIR; };
		CAA062C92090EFF500C31077 /* AppDelegate.swift */ = {isa = PBXFileReference; lastKnownFileType = sourcecode.swift; path = AppDelegate.swift; sourceTree = "<group>"; };
		CAA062CB2090EFF500C31077 /* RootViewController.swift */ = {isa = PBXFileReference; lastKnownFileType = sourcecode.swift; path = RootViewController.swift; sourceTree = "<group>"; };
		CAA062CD2090EFF500C31077 /* DataViewController.swift */ = {isa = PBXFileReference; lastKnownFileType = sourcecode.swift; path = DataViewController.swift; sourceTree = "<group>"; };
		CAA062CF2090EFF500C31077 /* ModelController.swift */ = {isa = PBXFileReference; lastKnownFileType = sourcecode.swift; path = ModelController.swift; sourceTree = "<group>"; };
		CAA062D22090EFF500C31077 /* Base */ = {isa = PBXFileReference; lastKnownFileType = file.storyboard; name = Base; path = Base.lproj/Main.storyboard; sourceTree = "<group>"; };
		CAA062D42090EFF600C31077 /* Assets.xcassets */ = {isa = PBXFileReference; lastKnownFileType = folder.assetcatalog; path = Assets.xcassets; sourceTree = "<group>"; };
		CAA062D72090EFF600C31077 /* Base */ = {isa = PBXFileReference; lastKnownFileType = file.storyboard; name = Base; path = Base.lproj/LaunchScreen.storyboard; sourceTree = "<group>"; };
		CAA062D92090EFF600C31077 /* Info.plist */ = {isa = PBXFileReference; lastKnownFileType = text.plist.xml; path = Info.plist; sourceTree = "<group>"; };
		CAA062DE2090EFF600C31077 /* weatherAppSwiftTests.xctest */ = {isa = PBXFileReference; explicitFileType = wrapper.cfbundle; includeInIndex = 0; path = weatherAppSwiftTests.xctest; sourceTree = BUILT_PRODUCTS_DIR; };
		CAA062E22090EFF600C31077 /* weatherAppSwiftTests.swift */ = {isa = PBXFileReference; lastKnownFileType = sourcecode.swift; path = weatherAppSwiftTests.swift; sourceTree = "<group>"; };
		CAA062E42090EFF600C31077 /* Info.plist */ = {isa = PBXFileReference; lastKnownFileType = text.plist.xml; path = Info.plist; sourceTree = "<group>"; };
/* End PBXFileReference section */

/* Begin PBXFrameworksBuildPhase section */
		CAA062C32090EFF500C31077 /* Frameworks */ = {
			isa = PBXFrameworksBuildPhase;
			buildActionMask = 2147483647;
			files = (
			);
			runOnlyForDeploymentPostprocessing = 0;
		};
		CAA062DB2090EFF600C31077 /* Frameworks */ = {
			isa = PBXFrameworksBuildPhase;
			buildActionMask = 2147483647;
			files = (
			);
			runOnlyForDeploymentPostprocessing = 0;
		};
/* End PBXFrameworksBuildPhase section */

/* Begin PBXGroup section */
		CAA062BD2090EFF500C31077 = {
			isa = PBXGroup;
			children = (
				CAA062C82090EFF500C31077 /* weatherAppSwift */,
				CAA062E12090EFF600C31077 /* weatherAppSwiftTests */,
				CAA062C72090EFF500C31077 /* Products */,
			);
			sourceTree = "<group>";
		};
		CAA062C72090EFF500C31077 /* Products */ = {
			isa = PBXGroup;
			children = (
				CAA062C62090EFF500C31077 /* weatherAppSwift.app */,
				CAA062DE2090EFF600C31077 /* weatherAppSwiftTests.xctest */,
			);
			name = Products;
			sourceTree = "<group>";
		};
		CAA062C82090EFF500C31077 /* weatherAppSwift */ = {
			isa = PBXGroup;
			children = (
				CAA062C92090EFF500C31077 /* AppDelegate.swift */,
				CAA062CB2090EFF500C31077 /* RootViewController.swift */,
				CAA062CD2090EFF500C31077 /* DataViewController.swift */,
				CAA062CF2090EFF500C31077 /* ModelController.swift */,
				CAA062D12090EFF500C31077 /* Main.storyboard */,
				CAA062D42090EFF600C31077 /* Assets.xcassets */,
				CAA062D62090EFF600C31077 /* LaunchScreen.storyboard */,
				CAA062D92090EFF600C31077 /* Info.plist */,
			);
			path = weatherAppSwift;
			sourceTree = "<group>";
		};
		CAA062E12090EFF600C31077 /* weatherAppSwiftTests */ = {
			isa = PBXGroup;
			children = (
				CAA062E22090EFF600C31077 /* weatherAppSwiftTests.swift */,
				CAA062E42090EFF600C31077 /* Info.plist */,
			);
			path = weatherAppSwiftTests;
			sourceTree = "<group>";
		};
/* End PBXGroup section */

/* Begin PBXNativeTarget section */
		CAA062C52090EFF500C31077 /* weatherAppSwift */ = {
			isa = PBXNativeTarget;
			buildConfigurationList = CAA062E72090EFF600C31077 /* Build configuration list for PBXNativeTarget "weatherAppSwift" */;
			buildPhases = (
				CAA062C22090EFF500C31077 /* Sources */,
				CAA062C32090EFF500C31077 /* Frameworks */,
				CAA062C42090EFF500C31077 /* Resources */,
			);
			buildRules = (
			);
			dependencies = (
			);
			name = weatherAppSwift;
			productName = weatherAppSwift;
			productReference = CAA062C62090EFF500C31077 /* weatherAppSwift.app */;
			productType = "com.apple.product-type.application";
		};
		CAA062DD2090EFF600C31077 /* weatherAppSwiftTests */ = {
			isa = PBXNativeTarget;
			buildConfigurationList = CAA062EA2090EFF600C31077 /* Build configuration list for PBXNativeTarget "weatherAppSwiftTests" */;
			buildPhases = (
				CAA062DA2090EFF600C31077 /* Sources */,
				CAA062DB2090EFF600C31077 /* Frameworks */,
				CAA062DC2090EFF600C31077 /* Resources */,
			);
			buildRules = (
			);
			dependencies = (
				CAA062E02090EFF600C31077 /* PBXTargetDependency */,
			);
			name = weatherAppSwiftTests;
			productName = weatherAppSwiftTests;
			productReference = CAA062DE2090EFF600C31077 /* weatherAppSwiftTests.xctest */;
			productType = "com.apple.product-type.bundle.unit-test";
		};
/* End PBXNativeTarget section */

/* Begin PBXProject section */
		CAA062BE2090EFF500C31077 /* Project object */ = {
			isa = PBXProject;
			attributes = {
				LastSwiftUpdateCheck = 0930;
				LastUpgradeCheck = 0930;
				ORGANIZATIONNAME = Private;
				TargetAttributes = {
					CAA062C52090EFF500C31077 = {
						CreatedOnToolsVersion = 9.3;
					};
					CAA062DD2090EFF600C31077 = {
						CreatedOnToolsVersion = 9.3;
						TestTargetID = CAA062C52090EFF500C31077;
					};
				};
			};
			buildConfigurationList = CAA062C12090EFF500C31077 /* Build configuration list for PBXProject "weatherAppSwift" */;
			compatibilityVersion = "Xcode 9.3";
			developmentRegion = en;
			hasScannedForEncodings = 0;
			knownRegions = (
				en,
				Base,
			);
			mainGroup = CAA062BD2090EFF500C31077;
			productRefGroup = CAA062C72090EFF500C31077 /* Products */;
			projectDirPath = "";
			projectRoot = "";
			targets = (
				CAA062C52090EFF500C31077 /* weatherAppSwift */,
				CAA062DD2090EFF600C31077 /* weatherAppSwiftTests */,
			);
		};
/* End PBXProject section */

/* Begin PBXResourcesBuildPhase section */
		CAA062C42090EFF500C31077 /* Resources */ = {
			isa = PBXResourcesBuildPhase;
			buildActionMask = 2147483647;
			files = (
				CAA062D82090EFF600C31077 /* LaunchScreen.storyboard in Resources */,
				CAA062D52090EFF600C31077 /* Assets.xcassets in Resources */,
				CAA062D32090EFF500C31077 /* Main.storyboard in Resources */,
			);
			runOnlyForDeploymentPostprocessing = 0;
		};
		CAA062DC2090EFF600C31077 /* Resources */ = {
			isa = PBXResourcesBuildPhase;
			buildActionMask = 2147483647;
			files = (
			);
			runOnlyForDeploymentPostprocessing = 0;
		};
/* End PBXResourcesBuildPhase section */

/* Begin PBXSourcesBuildPhase section */
		CAA062C22090EFF500C31077 /* Sources */ = {
			isa = PBXSourcesBuildPhase;
			buildActionMask = 2147483647;
			files = (
				CAA062CC2090EFF500C31077 /* RootViewController.swift in Sources */,
				CAA062D02090EFF500C31077 /* ModelController.swift in Sources */,
				CAA062CE2090EFF500C31077 /* DataViewController.swift in Sources */,
				CAA062CA2090EFF500C31077 /* AppDelegate.swift in Sources */,
			);
			runOnlyForDeploymentPostprocessing = 0;
		};
		CAA062DA2090EFF600C31077 /* Sources */ = {
			isa = PBXSourcesBuildPhase;
			buildActionMask = 2147483647;
			files = (
				CAA062E32090EFF600C31077 /* weatherAppSwiftTests.swift in Sources */,
			);
			runOnlyForDeploymentPostprocessing = 0;
		};
/* End PBXSourcesBuildPhase section */

/* Begin PBXTargetDependency section */
		CAA062E02090EFF600C31077 /* PBXTargetDependency */ = {
			isa = PBXTargetDependency;
			target = CAA062C52090EFF500C31077 /* weatherAppSwift */;
			targetProxy = CAA062DF2090EFF600C31077 /* PBXContainerItemProxy */;
		};
/* End PBXTargetDependency section */

/* Begin PBXVariantGroup section */
		CAA062D12090EFF500C31077 /* Main.storyboard */ = {
			isa = PBXVariantGroup;
			children = (
				CAA062D22090EFF500C31077 /* Base */,
			);
			name = Main.storyboard;
			sourceTree = "<group>";
		};
		CAA062D62090EFF600C31077 /* LaunchScreen.storyboard */ = {
			isa = PBXVariantGroup;
			children = (
				CAA062D72090EFF600C31077 /* Base */,
			);
			name = LaunchScreen.storyboard;
			sourceTree = "<group>";
		};
/* End PBXVariantGroup section */

/* Begin XCBuildConfiguration section */
		CAA062E52090EFF600C31077 /* Debug */ = {
			isa = XCBuildConfiguration;
			buildSettings = {
				ALWAYS_SEARCH_USER_PATHS = NO;
				CLANG_ANALYZER_NONNULL = YES;
				CLANG_ANALYZER_NUMBER_OBJECT_CONVERSION = YES_AGGRESSIVE;
				CLANG_CXX_LANGUAGE_STANDARD = "gnu++14";
				CLANG_CXX_LIBRARY = "libc++";
				CLANG_ENABLE_MODULES = YES;
				CLANG_ENABLE_OBJC_ARC = YES;
				CLANG_ENABLE_OBJC_WEAK = YES;
				CLANG_WARN_BLOCK_CAPTURE_AUTORELEASING = YES;
				CLANG_WARN_BOOL_CONVERSION = YES;
				CLANG_WARN_COMMA = YES;
				CLANG_WARN_CONSTANT_CONVERSION = YES;
				CLANG_WARN_DEPRECATED_OBJC_IMPLEMENTATIONS = YES;
				CLANG_WARN_DIRECT_OBJC_ISA_USAGE = YES_ERROR;
				CLANG_WARN_DOCUMENTATION_COMMENTS = YES;
				CLANG_WARN_EMPTY_BODY = YES;
				CLANG_WARN_ENUM_CONVERSION = YES;
				CLANG_WARN_INFINITE_RECURSION = YES;
				CLANG_WARN_INT_CONVERSION = YES;
				CLANG_WARN_NON_LITERAL_NULL_CONVERSION = YES;
				CLANG_WARN_OBJC_IMPLICIT_RETAIN_SELF = YES;
				CLANG_WARN_OBJC_LITERAL_CONVERSION = YES;
				CLANG_WARN_OBJC_ROOT_CLASS = YES_ERROR;
				CLANG_WARN_RANGE_LOOP_ANALYSIS = YES;
				CLANG_WARN_STRICT_PROTOTYPES = YES;
				CLANG_WARN_SUSPICIOUS_MOVE = YES;
				CLANG_WARN_UNGUARDED_AVAILABILITY = YES_AGGRESSIVE;
				CLANG_WARN_UNREACHABLE_CODE = YES;
				CLANG_WARN__DUPLICATE_METHOD_MATCH = YES;
				CODE_SIGN_IDENTITY = "iPhone Developer";
				COPY_PHASE_STRIP = NO;
				DEBUG_INFORMATION_FORMAT = dwarf;
				ENABLE_STRICT_OBJC_MSGSEND = YES;
				ENABLE_TESTABILITY = YES;
				GCC_C_LANGUAGE_STANDARD = gnu11;
				GCC_DYNAMIC_NO_PIC = NO;
				GCC_NO_COMMON_BLOCKS = YES;
				GCC_OPTIMIZATION_LEVEL = 0;
				GCC_PREPROCESSOR_DEFINITIONS = (
					"DEBUG=1",
					"$(inherited)",
				);
				GCC_WARN_64_TO_32_BIT_CONVERSION = YES;
				GCC_WARN_ABOUT_RETURN_TYPE = YES_ERROR;
				GCC_WARN_UNDECLARED_SELECTOR = YES;
				GCC_WARN_UNINITIALIZED_AUTOS = YES_AGGRESSIVE;
				GCC_WARN_UNUSED_FUNCTION = YES;
				GCC_WARN_UNUSED_VARIABLE = YES;
				IPHONEOS_DEPLOYMENT_TARGET = 11.3;
				MTL_ENABLE_DEBUG_INFO = YES;
				ONLY_ACTIVE_ARCH = YES;
				SDKROOT = iphoneos;
				SWIFT_ACTIVE_COMPILATION_CONDITIONS = DEBUG;
				SWIFT_OPTIMIZATION_LEVEL = "-Onone";
			};
			name = Debug;
		};
		CAA062E62090EFF600C31077 /* Release */ = {
			isa = XCBuildConfiguration;
			buildSettings = {
				ALWAYS_SEARCH_USER_PATHS = NO;
				CLANG_ANALYZER_NONNULL = YES;
				CLANG_ANALYZER_NUMBER_OBJECT_CONVERSION = YES_AGGRESSIVE;
				CLANG_CXX_LANGUAGE_STANDARD = "gnu++14";
				CLANG_CXX_LIBRARY = "libc++";
				CLANG_ENABLE_MODULES = YES;
				CLANG_ENABLE_OBJC_ARC = YES;
				CLANG_ENABLE_OBJC_WEAK = YES;
				CLANG_WARN_BLOCK_CAPTURE_AUTORELEASING = YES;
				CLANG_WARN_BOOL_CONVERSION = YES;
				CLANG_WARN_COMMA = YES;
				CLANG_WARN_CONSTANT_CONVERSION = YES;
				CLANG_WARN_DEPRECATED_OBJC_IMPLEMENTATIONS = YES;
				CLANG_WARN_DIRECT_OBJC_ISA_USAGE = YES_ERROR;
				CLANG_WARN_DOCUMENTATION_COMMENTS = YES;
				CLANG_WARN_EMPTY_BODY = YES;
				CLANG_WARN_ENUM_CONVERSION = YES;
				CLANG_WARN_INFINITE_RECURSION = YES;
				CLANG_WARN_INT_CONVERSION = YES;
				CLANG_WARN_NON_LITERAL_NULL_CONVERSION = YES;
				CLANG_WARN_OBJC_IMPLICIT_RETAIN_SELF = YES;
				CLANG_WARN_OBJC_LITERAL_CONVERSION = YES;
				CLANG_WARN_OBJC_ROOT_CLASS = YES_ERROR;
				CLANG_WARN_RANGE_LOOP_ANALYSIS = YES;
				CLANG_WARN_STRICT_PROTOTYPES = YES;
				CLANG_WARN_SUSPICIOUS_MOVE = YES;
				CLANG_WARN_UNGUARDED_AVAILABILITY = YES_AGGRESSIVE;
				CLANG_WARN_UNREACHABLE_CODE = YES;
				CLANG_WARN__DUPLICATE_METHOD_MATCH = YES;
				CODE_SIGN_IDENTITY = "iPhone Developer";
				COPY_PHASE_STRIP = NO;
				DEBUG_INFORMATION_FORMAT = "dwarf-with-dsym";
				ENABLE_NS_ASSERTIONS = NO;
				ENABLE_STRICT_OBJC_MSGSEND = YES;
				GCC_C_LANGUAGE_STANDARD = gnu11;
				GCC_NO_COMMON_BLOCKS = YES;
				GCC_WARN_64_TO_32_BIT_CONVERSION = YES;
				GCC_WARN_ABOUT_RETURN_TYPE = YES_ERROR;
				GCC_WARN_UNDECLARED_SELECTOR = YES;
				GCC_WARN_UNINITIALIZED_AUTOS = YES_AGGRESSIVE;
				GCC_WARN_UNUSED_FUNCTION = YES;
				GCC_WARN_UNUSED_VARIABLE = YES;
				IPHONEOS_DEPLOYMENT_TARGET = 11.3;
				MTL_ENABLE_DEBUG_INFO = NO;
				SDKROOT = iphoneos;
				SWIFT_COMPILATION_MODE = wholemodule;
				SWIFT_OPTIMIZATION_LEVEL = "-O";
				VALIDATE_PRODUCT = YES;
			};
			name = Release;
		};
		CAA062E82090EFF600C31077 /* Debug */ = {
			isa = XCBuildConfiguration;
			buildSettings = {
				ASSETCATALOG_COMPILER_APPICON_NAME = AppIcon;
				CODE_SIGN_STYLE = Automatic;
				DEVELOPMENT_TEAM = YNTCVVR39C;
				INFOPLIST_FILE = weatherAppSwift/Info.plist;
				LD_RUNPATH_SEARCH_PATHS = (
					"$(inherited)",
					"@executable_path/Frameworks",
				);
				PRODUCT_BUNDLE_IDENTIFIER = com.private.weatherAppSwift;
				PRODUCT_NAME = "$(TARGET_NAME)";
				SWIFT_VERSION = 4.0;
				TARGETED_DEVICE_FAMILY = "1,2";
			};
			name = Debug;
		};
		CAA062E92090EFF600C31077 /* Release */ = {
			isa = XCBuildConfiguration;
			buildSettings = {
				ASSETCATALOG_COMPILER_APPICON_NAME = AppIcon;
				CODE_SIGN_STYLE = Automatic;
				DEVELOPMENT_TEAM = YNTCVVR39C;
				INFOPLIST_FILE = weatherAppSwift/Info.plist;
				LD_RUNPATH_SEARCH_PATHS = (
					"$(inherited)",
					"@executable_path/Frameworks",
				);
				PRODUCT_BUNDLE_IDENTIFIER = com.private.weatherAppSwift;
				PRODUCT_NAME = "$(TARGET_NAME)";
				SWIFT_VERSION = 4.0;
				TARGETED_DEVICE_FAMILY = "1,2";
			};
			name = Release;
		};
		CAA062EB2090EFF600C31077 /* Debug */ = {
			isa = XCBuildConfiguration;
			buildSettings = {
				ALWAYS_EMBED_SWIFT_STANDARD_LIBRARIES = YES;
				BUNDLE_LOADER = "$(TEST_HOST)";
				CODE_SIGN_STYLE = Automatic;
				DEVELOPMENT_TEAM = YNTCVVR39C;
				INFOPLIST_FILE = weatherAppSwiftTests/Info.plist;
				LD_RUNPATH_SEARCH_PATHS = (
					"$(inherited)",
					"@executable_path/Frameworks",
					"@loader_path/Frameworks",
				);
				PRODUCT_BUNDLE_IDENTIFIER = com.private.weatherAppSwiftTests;
				PRODUCT_NAME = "$(TARGET_NAME)";
				SWIFT_VERSION = 4.0;
				TARGETED_DEVICE_FAMILY = "1,2";
				TEST_HOST = "$(BUILT_PRODUCTS_DIR)/weatherAppSwift.app/weatherAppSwift";
			};
			name = Debug;
		};
		CAA062EC2090EFF600C31077 /* Release */ = {
			isa = XCBuildConfiguration;
			buildSettings = {
				ALWAYS_EMBED_SWIFT_STANDARD_LIBRARIES = YES;
				BUNDLE_LOADER = "$(TEST_HOST)";
				CODE_SIGN_STYLE = Automatic;
				DEVELOPMENT_TEAM = YNTCVVR39C;
				INFOPLIST_FILE = weatherAppSwiftTests/Info.plist;
				LD_RUNPATH_SEARCH_PATHS = (
					"$(inherited)",
					"@executable_path/Frameworks",
					"@loader_path/Frameworks",
				);
				PRODUCT_BUNDLE_IDENTIFIER = com.private.weatherAppSwiftTests;
				PRODUCT_NAME = "$(TARGET_NAME)";
				SWIFT_VERSION = 4.0;
				TARGETED_DEVICE_FAMILY = "1,2";
				TEST_HOST = "$(BUILT_PRODUCTS_DIR)/weatherAppSwift.app/weatherAppSwift";
			};
			name = Release;
		};
/* End XCBuildConfiguration section */

/* Begin XCConfigurationList section */
		CAA062C12090EFF500C31077 /* Build configuration list for PBXProject "weatherAppSwift" */ = {
			isa = XCConfigurationList;
			buildConfigurations = (
				CAA062E52090EFF600C31077 /* Debug */,
				CAA062E62090EFF600C31077 /* Release */,
			);
			defaultConfigurationIsVisible = 0;
			defaultConfigurationName = Release;
		};
		CAA062E72090EFF600C31077 /* Build configuration list for PBXNativeTarget "weatherAppSwift" */ = {
			isa = XCConfigurationList;
			buildConfigurations = (
				CAA062E82090EFF600C31077 /* Debug */,
				CAA062E92090EFF600C31077 /* Release */,
			);
			defaultConfigurationIsVisible = 0;
			defaultConfigurationName = Release;
		};
		CAA062EA2090EFF600C31077 /* Build configuration list for PBXNativeTarget "weatherAppSwiftTests" */ = {
			isa = XCConfigurationList;
			buildConfigurations = (
				CAA062EB2090EFF600C31077 /* Debug */,
				CAA062EC2090EFF600C31077 /* Release */,
			);
			defaultConfigurationIsVisible = 0;
			defaultConfigurationName = Release;
		};
/* End XCConfigurationList section */
	};
	rootObject = CAA062BE2090EFF500C31077 /* Project object */;
}
